
Microsoft Visual Studio Solution File, Format Version 12.00
# Visual Studio 15
VisualStudioVersion = 15.0.28307.136
MinimumVisualStudioVersion = 10.0.40219.1
Project("{FAE04EC0-301F-11D3-BF4B-00C04F79EFBC}") = "KaizerTech_EKS_Test", "yazilimTest\KaizerTech_EKS_Test.csproj", "{50E0072F-1F9B-43DA-9D75-0C2B9573264A}"
EndProject
Global
	GlobalSection(SolutionConfigurationPlatforms) = preSolution
		Debug|Any CPU = Debug|Any CPU
		Release|Any CPU = Release|Any CPU
	EndGlobalSection
	GlobalSection(ProjectConfigurationPlatforms) = postSolution
		{50E0072F-1F9B-43DA-9D75-0C2B9573264A}.Debug|Any CPU.ActiveCfg = Debug|Any CPU
		{50E0072F-1F9B-43DA-9D75-0C2B9573264A}.Debug|Any CPU.Build.0 = Debug|Any CPU
		{50E0072F-1F9B-43DA-9D75-0C2B9573264A}.Release|Any CPU.ActiveCfg = Release|Any CPU
		{50E0072F-1F9B-43DA-9D75-0C2B9573264A}.Release|Any CPU.Build.0 = Release|Any CPU
	EndGlobalSection
	GlobalSection(SolutionProperties) = preSolution
		HideSolutionNode = FALSE
	EndGlobalSection
	GlobalSection(ExtensibilityGlobals) = postSolution
		SolutionGuid = {F779E746-735C-4370-A797-7CBE7B974E5D}
	EndGlobalSection
EndGlobal
